# This file is automatically @generated by Cargo.
# It is not intended for manual editing.
version = 3

[[package]]
name = "bin-encrypt-decrypt"
version = "2.2.1"
dependencies = [
 "color-output",
 "std-macro-extensions",
]

[[package]]
name = "color-output"
version = "4.1.0"
source = "registry+https://github.com/rust-lang/crates.io-index"
checksum = "e4e9d1e47024f751bf15e182e4069dd4b18d35d4afb06adbd75da32b8d8e014f"

[[package]]
name = "std-macro-extensions"
version = "0.17.0"
source = "registry+https://github.com/rust-lang/crates.io-index"
checksum = "b1f2ea2f51123842c81bf359d985fc38a8bcbe5a93eb7d5a5c95987ed818c30f"
