# This file is automatically @generated by Cargo.
# It is not intended for manual editing.
version = 4

[[package]]
name = "bin-encrypt-decrypt"
version = "2.2.6"
dependencies = [
 "color-output",
 "std-macro-extensions",
]

[[package]]
name = "color-output"
version = "6.1.7"
source = "registry+https://github.com/rust-lang/crates.io-index"
checksum = "24f0c747d1a569b61d8739deec45f884380f5f95a00ba6076c13c4cbfc80bee0"

[[package]]
name = "std-macro-extensions"
version = "0.21.0"
source = "registry+https://github.com/rust-lang/crates.io-index"
checksum = "154a164a9901fa9fc9db90f614215320d0e3ea8a7cab79be94d3004878adcecb"
