# This file is automatically @generated by Cargo.
# It is not intended for manual editing.
version = 3

[[package]]
name = "bin-encrypt-decrypt"
version = "1.4.0"
dependencies = [
 "ltpp-output",
 "std-macro-extensions",
]

[[package]]
name = "ltpp-output"
version = "1.1.1"
source = "registry+https://github.com/rust-lang/crates.io-index"
checksum = "93b6cbdf48d5ff07670e922a864311c0da23787147acd7a7fd2085f4fc0b933d"

[[package]]
name = "std-macro-extensions"
version = "0.16.0"
source = "registry+https://github.com/rust-lang/crates.io-index"
checksum = "9312dd4c67a6bcff4051a2c10369956549a31aa306176a0a476b1b16489ea349"
